
Microsoft Visual Studio Solution File, Format Version 12.00
# Visual Studio 15
VisualStudioVersion = 15.0.27703.2035
MinimumVisualStudioVersion = 10.0.40219.1
Project("{9A19103F-16F7-4668-BE54-9A1E7A4F7556}") = "ArduinoController.Api", "ArduinoController.Api\ArduinoController.Api.csproj", "{8DE995AB-B839-4813-85C7-40CCE2A51375}"
EndProject
Project("{9A19103F-16F7-4668-BE54-9A1E7A4F7556}") = "ArduinoController.Core", "ArduinoController.Core\ArduinoController.Core.csproj", "{6688FD71-B511-4E81-9058-53112ECE263A}"
EndProject
Project("{9A19103F-16F7-4668-BE54-9A1E7A4F7556}") = "ArduinoController.DataAccess", "ArduinoController.DataAccess\ArduinoController.DataAccess.csproj", "{DDCE9DF9-8B7C-4C32-8AD5-8109D37C3917}"
EndProject
Project("{8BC9CEB8-8B4A-11D0-8D11-00A0C91BC942}") = "ArduinoController.Arduino", "ArduinoController.Arduino\ArduinoController.Arduino.vcxproj", "{12C8DD05-B439-4CF3-ACD0-D86414FC25F1}"
EndProject
Project("{FAE04EC0-301F-11D3-BF4B-00C04F79EFBC}") = "ArduinoController.Xamarin.Core", "ArduinoController.Xamarin.Core\ArduinoController.Xamarin.Core.csproj", "{81885ACE-0BDA-4BA2-B81A-11057972CF05}"
EndProject
Global
	GlobalSection(SolutionConfigurationPlatforms) = preSolution
		Debug|Any CPU = Debug|Any CPU
		Debug|x86 = Debug|x86
		Release|Any CPU = Release|Any CPU
		Release|x86 = Release|x86
	EndGlobalSection
	GlobalSection(ProjectConfigurationPlatforms) = postSolution
		{8DE995AB-B839-4813-85C7-40CCE2A51375}.Debug|Any CPU.ActiveCfg = Debug|Any CPU
		{8DE995AB-B839-4813-85C7-40CCE2A51375}.Debug|Any CPU.Build.0 = Debug|Any CPU
		{8DE995AB-B839-4813-85C7-40CCE2A51375}.Debug|x86.ActiveCfg = Debug|Any CPU
		{8DE995AB-B839-4813-85C7-40CCE2A51375}.Debug|x86.Build.0 = Debug|Any CPU
		{8DE995AB-B839-4813-85C7-40CCE2A51375}.Release|Any CPU.ActiveCfg = Release|Any CPU
		{8DE995AB-B839-4813-85C7-40CCE2A51375}.Release|Any CPU.Build.0 = Release|Any CPU
		{8DE995AB-B839-4813-85C7-40CCE2A51375}.Release|x86.ActiveCfg = Release|Any CPU
		{8DE995AB-B839-4813-85C7-40CCE2A51375}.Release|x86.Build.0 = Release|Any CPU
		{6688FD71-B511-4E81-9058-53112ECE263A}.Debug|Any CPU.ActiveCfg = Debug|Any CPU
		{6688FD71-B511-4E81-9058-53112ECE263A}.Debug|Any CPU.Build.0 = Debug|Any CPU
		{6688FD71-B511-4E81-9058-53112ECE263A}.Debug|x86.ActiveCfg = Debug|Any CPU
		{6688FD71-B511-4E81-9058-53112ECE263A}.Debug|x86.Build.0 = Debug|Any CPU
		{6688FD71-B511-4E81-9058-53112ECE263A}.Release|Any CPU.ActiveCfg = Release|Any CPU
		{6688FD71-B511-4E81-9058-53112ECE263A}.Release|Any CPU.Build.0 = Release|Any CPU
		{6688FD71-B511-4E81-9058-53112ECE263A}.Release|x86.ActiveCfg = Release|Any CPU
		{6688FD71-B511-4E81-9058-53112ECE263A}.Release|x86.Build.0 = Release|Any CPU
		{DDCE9DF9-8B7C-4C32-8AD5-8109D37C3917}.Debug|Any CPU.ActiveCfg = Debug|Any CPU
		{DDCE9DF9-8B7C-4C32-8AD5-8109D37C3917}.Debug|Any CPU.Build.0 = Debug|Any CPU
		{DDCE9DF9-8B7C-4C32-8AD5-8109D37C3917}.Debug|x86.ActiveCfg = Debug|Any CPU
		{DDCE9DF9-8B7C-4C32-8AD5-8109D37C3917}.Debug|x86.Build.0 = Debug|Any CPU
		{DDCE9DF9-8B7C-4C32-8AD5-8109D37C3917}.Release|Any CPU.ActiveCfg = Release|Any CPU
		{DDCE9DF9-8B7C-4C32-8AD5-8109D37C3917}.Release|Any CPU.Build.0 = Release|Any CPU
		{DDCE9DF9-8B7C-4C32-8AD5-8109D37C3917}.Release|x86.ActiveCfg = Release|Any CPU
		{DDCE9DF9-8B7C-4C32-8AD5-8109D37C3917}.Release|x86.Build.0 = Release|Any CPU
		{12C8DD05-B439-4CF3-ACD0-D86414FC25F1}.Debug|Any CPU.ActiveCfg = Debug|Win32
		{12C8DD05-B439-4CF3-ACD0-D86414FC25F1}.Debug|x86.ActiveCfg = Debug|Win32
		{12C8DD05-B439-4CF3-ACD0-D86414FC25F1}.Debug|x86.Build.0 = Debug|Win32
		{12C8DD05-B439-4CF3-ACD0-D86414FC25F1}.Release|Any CPU.ActiveCfg = Release|Win32
		{12C8DD05-B439-4CF3-ACD0-D86414FC25F1}.Release|x86.ActiveCfg = Release|Win32
		{12C8DD05-B439-4CF3-ACD0-D86414FC25F1}.Release|x86.Build.0 = Release|Win32
		{81885ACE-0BDA-4BA2-B81A-11057972CF05}.Debug|Any CPU.ActiveCfg = Debug|Any CPU
		{81885ACE-0BDA-4BA2-B81A-11057972CF05}.Debug|Any CPU.Build.0 = Debug|Any CPU
		{81885ACE-0BDA-4BA2-B81A-11057972CF05}.Debug|x86.ActiveCfg = Debug|Any CPU
		{81885ACE-0BDA-4BA2-B81A-11057972CF05}.Debug|x86.Build.0 = Debug|Any CPU
		{81885ACE-0BDA-4BA2-B81A-11057972CF05}.Release|Any CPU.ActiveCfg = Release|Any CPU
		{81885ACE-0BDA-4BA2-B81A-11057972CF05}.Release|Any CPU.Build.0 = Release|Any CPU
		{81885ACE-0BDA-4BA2-B81A-11057972CF05}.Release|x86.ActiveCfg = Release|Any CPU
		{81885ACE-0BDA-4BA2-B81A-11057972CF05}.Release|x86.Build.0 = Release|Any CPU
	EndGlobalSection
	GlobalSection(SolutionProperties) = preSolution
		HideSolutionNode = FALSE
	EndGlobalSection
	GlobalSection(ExtensibilityGlobals) = postSolution
		SolutionGuid = {62C1A556-3822-4E45-B6C5-C3EDCD6B5565}
	EndGlobalSection
EndGlobal
